{
  "version": 4,
  "terraform_version": "0.14.4",
  "serial": 881,
  "lineage": "7556b840-c0e3-390b-7a14-35487a795dc6",
  "outputs": {
    "alb_sg_id": {
      "value": {
        "arn": "arn:aws:ec2:ap-south-1:443752099948:security-group/sg-0e85a179f46f37339",
        "description": "Allow SSH inbound traffic",
        "egress": [
          {
            "cidr_blocks": [
              "0.0.0.0/0"
            ],
            "description": "",
            "from_port": 0,
            "ipv6_cidr_blocks": [],
            "prefix_list_ids": [],
            "protocol": "-1",
            "security_groups": [],
            "self": false,
            "to_port": 0
          }
        ],
        "id": "sg-0e85a179f46f37339",
        "ingress": [
          {
            "cidr_blocks": [
              "0.0.0.0/0"
            ],
            "description": "",
            "from_port": 22,
            "ipv6_cidr_blocks": [],
            "prefix_list_ids": [],
            "protocol": "tcp",
            "security_groups": [],
            "self": false,
            "to_port": 22
          },
          {
            "cidr_blocks": [
              "0.0.0.0/0"
            ],
            "description": "",
            "from_port": 5000,
            "ipv6_cidr_blocks": [],
            "prefix_list_ids": [],
            "protocol": "tcp",
            "security_groups": [],
            "self": false,
            "to_port": 5000
          },
          {
            "cidr_blocks": [
              "0.0.0.0/0"
            ],
            "description": "",
            "from_port": 80,
            "ipv6_cidr_blocks": [],
            "prefix_list_ids": [],
            "protocol": "tcp",
            "security_groups": [],
            "self": false,
            "to_port": 80
          }
        ],
        "name": "allow_SSH",
        "name_prefix": "",
        "owner_id": "443752099948",
        "revoke_rules_on_delete": false,
        "tags": null,
        "tags_all": {},
        "timeouts": null,
        "vpc_id": "vpc-9d5888f6"
      },
      "type": [
        "object",
        {
          "arn": "string",
          "description": "string",
          "egress": [
            "set",
            [
              "object",
              {
                "cidr_blocks": [
                  "list",
                  "string"
                ],
                "description": "string",
                "from_port": "number",
                "ipv6_cidr_blocks": [
                  "list",
                  "string"
                ],
                "prefix_list_ids": [
                  "list",
                  "string"
                ],
                "protocol": "string",
                "security_groups": [
                  "set",
                  "string"
                ],
                "self": "bool",
                "to_port": "number"
              }
            ]
          ],
          "id": "string",
          "ingress": [
            "set",
            [
              "object",
              {
                "cidr_blocks": [
                  "list",
                  "string"
                ],
                "description": "string",
                "from_port": "number",
                "ipv6_cidr_blocks": [
                  "list",
                  "string"
                ],
                "prefix_list_ids": [
                  "list",
                  "string"
                ],
                "protocol": "string",
                "security_groups": [
                  "set",
                  "string"
                ],
                "self": "bool",
                "to_port": "number"
              }
            ]
          ],
          "name": "string",
          "name_prefix": "string",
          "owner_id": "string",
          "revoke_rules_on_delete": "bool",
          "tags": [
            "map",
            "string"
          ],
          "tags_all": [
            "map",
            "string"
          ],
          "timeouts": [
            "object",
            {
              "create": "string",
              "delete": "string"
            }
          ],
          "vpc_id": "string"
        }
      ]
    },
    "app_sg_id": {
      "value": {
        "arn": "arn:aws:ec2:ap-south-1:443752099948:security-group/sg-0e85a179f46f37339",
        "description": "Allow SSH inbound traffic",
        "egress": [
          {
            "cidr_blocks": [
              "0.0.0.0/0"
            ],
            "description": "",
            "from_port": 0,
            "ipv6_cidr_blocks": [],
            "prefix_list_ids": [],
            "protocol": "-1",
            "security_groups": [],
            "self": false,
            "to_port": 0
          }
        ],
        "id": "sg-0e85a179f46f37339",
        "ingress": [
          {
            "cidr_blocks": [
              "0.0.0.0/0"
            ],
            "description": "",
            "from_port": 22,
            "ipv6_cidr_blocks": [],
            "prefix_list_ids": [],
            "protocol": "tcp",
            "security_groups": [],
            "self": false,
            "to_port": 22
          },
          {
            "cidr_blocks": [
              "0.0.0.0/0"
            ],
            "description": "",
            "from_port": 5000,
            "ipv6_cidr_blocks": [],
            "prefix_list_ids": [],
            "protocol": "tcp",
            "security_groups": [],
            "self": false,
            "to_port": 5000
          },
          {
            "cidr_blocks": [
              "0.0.0.0/0"
            ],
            "description": "",
            "from_port": 80,
            "ipv6_cidr_blocks": [],
            "prefix_list_ids": [],
            "protocol": "tcp",
            "security_groups": [],
            "self": false,
            "to_port": 80
          }
        ],
        "name": "allow_SSH",
        "name_prefix": "",
        "owner_id": "443752099948",
        "revoke_rules_on_delete": false,
        "tags": null,
        "tags_all": {},
        "timeouts": null,
        "vpc_id": "vpc-9d5888f6"
      },
      "type": [
        "object",
        {
          "arn": "string",
          "description": "string",
          "egress": [
            "set",
            [
              "object",
              {
                "cidr_blocks": [
                  "list",
                  "string"
                ],
                "description": "string",
                "from_port": "number",
                "ipv6_cidr_blocks": [
                  "list",
                  "string"
                ],
                "prefix_list_ids": [
                  "list",
                  "string"
                ],
                "protocol": "string",
                "security_groups": [
                  "set",
                  "string"
                ],
                "self": "bool",
                "to_port": "number"
              }
            ]
          ],
          "id": "string",
          "ingress": [
            "set",
            [
              "object",
              {
                "cidr_blocks": [
                  "list",
                  "string"
                ],
                "description": "string",
                "from_port": "number",
                "ipv6_cidr_blocks": [
                  "list",
                  "string"
                ],
                "prefix_list_ids": [
                  "list",
                  "string"
                ],
                "protocol": "string",
                "security_groups": [
                  "set",
                  "string"
                ],
                "self": "bool",
                "to_port": "number"
              }
            ]
          ],
          "name": "string",
          "name_prefix": "string",
          "owner_id": "string",
          "revoke_rules_on_delete": "bool",
          "tags": [
            "map",
            "string"
          ],
          "tags_all": [
            "map",
            "string"
          ],
          "timeouts": [
            "object",
            {
              "create": "string",
              "delete": "string"
            }
          ],
          "vpc_id": "string"
        }
      ]
    },
    "cloudwatch_log_group_arn": {
      "value": "arn:aws:logs:ap-south-1:443752099948:log-group:-logs",
      "type": "string"
    },
    "code_pipeline_artifact_s3_id": {
      "value": "mlbucketshivani123",
      "type": "string"
    },
    "code_pipeline_id": {
      "value": "pipelineml",
      "type": "string"
    },
    "ecs_repository_url": {
      "value": "443752099948.dkr.ecr.ap-south-1.amazonaws.com/mldep-a",
      "type": "string"
    },
    "ecs_sg_id": {
      "value": {
        "arn": "arn:aws:ec2:ap-south-1:443752099948:security-group/sg-0e85a179f46f37339",
        "description": "Allow SSH inbound traffic",
        "egress": [
          {
            "cidr_blocks": [
              "0.0.0.0/0"
            ],
            "description": "",
            "from_port": 0,
            "ipv6_cidr_blocks": [],
            "prefix_list_ids": [],
            "protocol": "-1",
            "security_groups": [],
            "self": false,
            "to_port": 0
          }
        ],
        "id": "sg-0e85a179f46f37339",
        "ingress": [
          {
            "cidr_blocks": [
              "0.0.0.0/0"
            ],
            "description": "",
            "from_port": 22,
            "ipv6_cidr_blocks": [],
            "prefix_list_ids": [],
            "protocol": "tcp",
            "security_groups": [],
            "self": false,
            "to_port": 22
          },
          {
            "cidr_blocks": [
              "0.0.0.0/0"
            ],
            "description": "",
            "from_port": 5000,
            "ipv6_cidr_blocks": [],
            "prefix_list_ids": [],
            "protocol": "tcp",
            "security_groups": [],
            "self": false,
            "to_port": 5000
          },
          {
            "cidr_blocks": [
              "0.0.0.0/0"
            ],
            "description": "",
            "from_port": 80,
            "ipv6_cidr_blocks": [],
            "prefix_list_ids": [],
            "protocol": "tcp",
            "security_groups": [],
            "self": false,
            "to_port": 80
          }
        ],
        "name": "allow_SSH",
        "name_prefix": "",
        "owner_id": "443752099948",
        "revoke_rules_on_delete": false,
        "tags": null,
        "tags_all": {},
        "timeouts": null,
        "vpc_id": "vpc-9d5888f6"
      },
      "type": [
        "object",
        {
          "arn": "string",
          "description": "string",
          "egress": [
            "set",
            [
              "object",
              {
                "cidr_blocks": [
                  "list",
                  "string"
                ],
                "description": "string",
                "from_port": "number",
                "ipv6_cidr_blocks": [
                  "list",
                  "string"
                ],
                "prefix_list_ids": [
                  "list",
                  "string"
                ],
                "protocol": "string",
                "security_groups": [
                  "set",
                  "string"
                ],
                "self": "bool",
                "to_port": "number"
              }
            ]
          ],
          "id": "string",
          "ingress": [
            "set",
            [
              "object",
              {
                "cidr_blocks": [
                  "list",
                  "string"
                ],
                "description": "string",
                "from_port": "number",
                "ipv6_cidr_blocks": [
                  "list",
                  "string"
                ],
                "prefix_list_ids": [
                  "list",
                  "string"
                ],
                "protocol": "string",
                "security_groups": [
                  "set",
                  "string"
                ],
                "self": "bool",
                "to_port": "number"
              }
            ]
          ],
          "name": "string",
          "name_prefix": "string",
          "owner_id": "string",
          "revoke_rules_on_delete": "bool",
          "tags": [
            "map",
            "string"
          ],
          "tags_all": [
            "map",
            "string"
          ],
          "timeouts": [
            "object",
            {
              "create": "string",
              "delete": "string"
            }
          ],
          "vpc_id": "string"
        }
      ]
    },
    "vpc_id": {
      "value": "vpc-9d5888f6",
      "type": "string"
    },
    "vpc_public_subnet_ids": {
      "value": [
        "subnet-24341a68",
        "subnet-52cabb29",
        "subnet-e83fc683"
      ],
      "type": [
        "tuple",
        [
          "string",
          "string",
          "string"
        ]
      ]
    }
  },
  "resources": [
    {
      "module": "module.ecs",
      "mode": "data",
      "type": "aws_iam_policy_document",
      "name": "ecs_service_policy",
      "provider": "provider[\"registry.terraform.io/hashicorp/aws\"]",
      "instances": [
        {
          "schema_version": 0,
          "attributes": {
            "id": "3615693260",
            "json": "{\n  \"Version\": \"2012-10-17\",\n  \"Statement\": [\n    {\n      \"Sid\": \"\",\n      \"Effect\": \"Allow\",\n      \"Action\": [\n        \"elasticloadbalancing:RegisterInstancesWithLoadBalancer\",\n        \"elasticloadbalancing:Describe*\",\n        \"elasticloadbalancing:DeregisterInstancesFromLoadBalancer\",\n        \"ec2:Describe*\",\n        \"ec2:AuthorizeSecurityGroupIngress\"\n      ],\n      \"Resource\": \"*\"\n    }\n  ]\n}",
            "override_json": null,
            "override_policy_documents": null,
            "policy_id": null,
            "source_json": null,
            "source_policy_documents": null,
            "statement": [
              {
                "actions": [
                  "ec2:AuthorizeSecurityGroupIngress",
                  "ec2:Describe*",
                  "elasticloadbalancing:DeregisterInstancesFromLoadBalancer",
                  "elasticloadbalancing:Describe*",
                  "elasticloadbalancing:RegisterInstancesWithLoadBalancer"
                ],
                "condition": [],
                "effect": "Allow",
                "not_actions": [],
                "not_principals": [],
                "not_resources": [],
                "principals": [],
                "resources": [
                  "*"
                ],
                "sid": ""
              }
            ],
            "version": "2012-10-17"
          },
          "sensitive_attributes": []
        }
      ]
    },
    {
      "module": "module.ecs",
      "mode": "data",
      "type": "aws_iam_policy_document",
      "name": "ecs_service_role",
      "provider": "provider[\"registry.terraform.io/hashicorp/aws\"]",
      "instances": [
        {
          "schema_version": 0,
          "attributes": {
            "id": "3622649364",
            "json": "{\n  \"Version\": \"2012-10-17\",\n  \"Statement\": [\n    {\n      \"Sid\": \"\",\n      \"Effect\": \"Allow\",\n      \"Action\": \"sts:AssumeRole\",\n      \"Principal\": {\n        \"Service\": \"ecs.amazonaws.com\"\n      }\n    }\n  ]\n}",
            "override_json": null,
            "override_policy_documents": null,
            "policy_id": null,
            "source_json": null,
            "source_policy_documents": null,
            "statement": [
              {
                "actions": [
                  "sts:AssumeRole"
                ],
                "condition": [],
                "effect": "Allow",
                "not_actions": [],
                "not_principals": [],
                "not_resources": [],
                "principals": [
                  {
                    "identifiers": [
                      "ecs.amazonaws.com"
                    ],
                    "type": "Service"
                  }
                ],
                "resources": [],
                "sid": ""
              }
            ],
            "version": "2012-10-17"
          },
          "sensitive_attributes": []
        }
      ]
    },
    {
      "module": "module.ecs",
      "mode": "data",
      "type": "template_file",
      "name": "api_task",
      "provider": "provider[\"registry.terraform.io/hashicorp/template\"]",
      "instances": [
        {
          "schema_version": 0,
          "attributes": {
            "filename": null,
            "id": "6e76b5934863094d0193a4e56604a50eef476dbf917c2376dd573aef71e35c51",
            "rendered": "[\n    {\n      \"name\": \"container\",\n      \"image\": \"443752099948.dkr.ecr.ap-south-1.amazonaws.com/mldep-a\",\n      \"portMappings\": [\n        {\n          \"containerPort\": 5000,\n          \"hostPort\": 5000\n        }\n      ],\n      \"cpu\": 256,\n      \"memory\": 512,\n      \"networkMode\": \"awsvpc\",\n      \"essential\": true,\n      \"logConfiguration\": {\n        \"logDriver\": \"awslogs\",\n        \"options\": {\n          \"awslogs-group\": \"-logs\",\n          \"awslogs-region\": \"ap-south-1\",\n          \"awslogs-stream-prefix\": \"container\"\n        }\n      },\n      \"environment\": [{\"name\":\"KEY\",\"value\":\"value\"}]\n    }\n  ]\n",
            "template": "[\n    {\n      \"name\": \"${container_name}\",\n      \"image\": \"${image}\",\n      \"portMappings\": [\n        {\n          \"containerPort\": ${container_port},\n          \"hostPort\": ${container_port}\n        }\n      ],\n      \"cpu\": ${desired_task_cpu},\n      \"memory\": ${desired_task_memory},\n      \"networkMode\": \"awsvpc\",\n      \"essential\": true,\n      \"logConfiguration\": {\n        \"logDriver\": \"awslogs\",\n        \"options\": {\n          \"awslogs-group\": \"${log_group}\",\n          \"awslogs-region\": \"ap-south-1\",\n          \"awslogs-stream-prefix\": \"${container_name}\"\n        }\n      },\n      \"environment\": [${environment_variables_str}]\n    }\n  ]\n",
            "vars": {
              "container_name": "container",
              "container_port": "5000",
              "desired_task_cpu": "256",
              "desired_task_memory": "512",
              "environment_variables_str": "{\"name\":\"KEY\",\"value\":\"value\"}",
              "image": "443752099948.dkr.ecr.ap-south-1.amazonaws.com/mldep-a",
              "log_group": "-logs"
            }
          },
          "sensitive_attributes": []
        }
      ]
    },
    {
      "module": "module.ecs",
      "mode": "managed",
      "type": "aws_alb",
      "name": "app_alb",
      "provider": "provider[\"registry.terraform.io/hashicorp/aws\"]",
      "instances": [
        {
          "schema_version": 0,
          "attributes": {
            "access_logs": [
              {
                "bucket": "",
                "enabled": false,
                "prefix": ""
              }
            ],
            "arn": "arn:aws:elasticloadbalancing:ap-south-1:443752099948:loadbalancer/app/elb/fe0edf4f3303ada9",
            "arn_suffix": "app/elb/fe0edf4f3303ada9",
            "customer_owned_ipv4_pool": "",
            "dns_name": "elb-388356410.ap-south-1.elb.amazonaws.com",
            "drop_invalid_header_fields": false,
            "enable_cross_zone_load_balancing": null,
            "enable_deletion_protection": false,
            "enable_http2": true,
            "id": "arn:aws:elasticloadbalancing:ap-south-1:443752099948:loadbalancer/app/elb/fe0edf4f3303ada9",
            "idle_timeout": 60,
            "internal": false,
            "ip_address_type": "ipv4",
            "load_balancer_type": "application",
            "name": "elb",
            "name_prefix": null,
            "security_groups": [
              "sg-0e85a179f46f37339"
            ],
            "subnet_mapping": [
              {
                "allocation_id": "",
                "ipv6_address": "",
                "outpost_id": "",
                "private_ipv4_address": "",
                "subnet_id": "subnet-24341a68"
              },
              {
                "allocation_id": "",
                "ipv6_address": "",
                "outpost_id": "",
                "private_ipv4_address": "",
                "subnet_id": "subnet-52cabb29"
              },
              {
                "allocation_id": "",
                "ipv6_address": "",
                "outpost_id": "",
                "private_ipv4_address": "",
                "subnet_id": "subnet-e83fc683"
              }
            ],
            "subnets": [
              "subnet-24341a68",
              "subnet-52cabb29",
              "subnet-e83fc683"
            ],
            "tags": {
              "Environment": "app_alb"
            },
            "tags_all": {
              "Environment": "app_alb"
            },
            "timeouts": null,
            "vpc_id": "vpc-9d5888f6",
            "zone_id": "ZP97RAFLXTNZK"
          },
          "sensitive_attributes": [],
          "private": "eyJlMmJmYjczMC1lY2FhLTExZTYtOGY4OC0zNDM2M2JjN2M0YzAiOnsiY3JlYXRlIjo2MDAwMDAwMDAwMDAsImRlbGV0ZSI6NjAwMDAwMDAwMDAwLCJ1cGRhdGUiOjYwMDAwMDAwMDAwMH19",
          "dependencies": [
            "module.ecs.aws_security_group.elb_sg"
          ]
        }
      ]
    },
    {
      "module": "module.ecs",
      "mode": "managed",
      "type": "aws_alb_target_group",
      "name": "api_target_group1",
      "provider": "provider[\"registry.terraform.io/hashicorp/aws\"]",
      "instances": [
        {
          "schema_version": 0,
          "attributes": {
            "arn": "arn:aws:elasticloadbalancing:ap-south-1:443752099948:targetgroup/tf-example-lb-tg/67d29b8d2dd5b549",
            "arn_suffix": "targetgroup/tf-example-lb-tg/67d29b8d2dd5b549",
            "deregistration_delay": 300,
            "health_check": [
              {
                "enabled": true,
                "healthy_threshold": 5,
                "interval": 30,
                "matcher": "200",
                "path": "/",
                "port": "traffic-port",
                "protocol": "HTTP",
                "timeout": 5,
                "unhealthy_threshold": 2
              }
            ],
            "id": "arn:aws:elasticloadbalancing:ap-south-1:443752099948:targetgroup/tf-example-lb-tg/67d29b8d2dd5b549",
            "lambda_multi_value_headers_enabled": false,
            "load_balancing_algorithm_type": "round_robin",
            "name": "tf-example-lb-tg",
            "name_prefix": null,
            "port": 80,
            "preserve_client_ip": null,
            "protocol": "HTTP",
            "protocol_version": "HTTP1",
            "proxy_protocol_v2": false,
            "slow_start": 0,
            "stickiness": [
              {
                "cookie_duration": 86400,
                "cookie_name": "",
                "enabled": false,
                "type": "lb_cookie"
              }
            ],
            "tags": null,
            "tags_all": {},
            "target_type": "ip",
            "vpc_id": "vpc-9d5888f6"
          },
          "sensitive_attributes": [],
          "private": "bnVsbA=="
        }
      ]
    },
    {
      "module": "module.ecs",
      "mode": "managed",
      "type": "aws_alb_target_group",
      "name": "api_target_group2",
      "provider": "provider[\"registry.terraform.io/hashicorp/aws\"]",
      "instances": [
        {
          "schema_version": 0,
          "attributes": {
            "arn": "arn:aws:elasticloadbalancing:ap-south-1:443752099948:targetgroup/tf-example-lb-tg-1/036737a3f6183624",
            "arn_suffix": "targetgroup/tf-example-lb-tg-1/036737a3f6183624",
            "deregistration_delay": 300,
            "health_check": [
              {
                "enabled": true,
                "healthy_threshold": 5,
                "interval": 30,
                "matcher": "200",
                "path": "/",
                "port": "traffic-port",
                "protocol": "HTTP",
                "timeout": 5,
                "unhealthy_threshold": 2
              }
            ],
            "id": "arn:aws:elasticloadbalancing:ap-south-1:443752099948:targetgroup/tf-example-lb-tg-1/036737a3f6183624",
            "lambda_multi_value_headers_enabled": false,
            "load_balancing_algorithm_type": "round_robin",
            "name": "tf-example-lb-tg-1",
            "name_prefix": null,
            "port": 5000,
            "preserve_client_ip": null,
            "protocol": "HTTP",
            "protocol_version": "HTTP1",
            "proxy_protocol_v2": false,
            "slow_start": 0,
            "stickiness": [
              {
                "cookie_duration": 86400,
                "cookie_name": "",
                "enabled": false,
                "type": "lb_cookie"
              }
            ],
            "tags": null,
            "tags_all": {},
            "target_type": "ip",
            "vpc_id": "vpc-9d5888f6"
          },
          "sensitive_attributes": [],
          "private": "bnVsbA=="
        }
      ]
    },
    {
      "module": "module.ecs",
      "mode": "managed",
      "type": "aws_appautoscaling_policy",
      "name": "app_down",
      "provider": "provider[\"registry.terraform.io/hashicorp/aws\"]",
      "instances": [
        {
          "schema_version": 0,
          "attributes": {
            "arn": "arn:aws:autoscaling:ap-south-1:443752099948:scalingPolicy:ff480faa-64e9-4ce0-aa35-b29760ced73b:resource/ecs/service/mycluster/mlservice:policyName/-scale-down",
            "id": "-scale-down",
            "name": "-scale-down",
            "policy_type": "StepScaling",
            "resource_id": "service/mycluster/mlservice",
            "scalable_dimension": "ecs:service:DesiredCount",
            "service_namespace": "ecs",
            "step_scaling_policy_configuration": [
              {
                "adjustment_type": "ChangeInCapacity",
                "cooldown": 300,
                "metric_aggregation_type": "Average",
                "min_adjustment_magnitude": 0,
                "step_adjustment": [
                  {
                    "metric_interval_lower_bound": "",
                    "metric_interval_upper_bound": "0",
                    "scaling_adjustment": -1
                  }
                ]
              }
            ],
            "target_tracking_scaling_policy_configuration": []
          },
          "sensitive_attributes": [],
          "private": "bnVsbA==",
          "dependencies": [
            "module.ecs.aws_alb_target_group.api_target_group2",
            "module.ecs.aws_appautoscaling_target.app_scale_target",
            "module.ecs.aws_cloudwatch_log_group.web-app",
            "module.ecs.aws_ecr_repository.web-app",
            "module.ecs.aws_ecs_cluster.cluster",
            "module.ecs.aws_ecs_service.web-api",
            "module.ecs.aws_ecs_task_definition.web-api",
            "module.ecs.aws_iam_role.ecs_execution_role",
            "module.ecs.aws_iam_role.ecs_role",
            "module.ecs.aws_iam_role_policy.ecs_service_role_policy",
            "module.ecs.aws_security_group.elb_sg",
            "module.ecs.data.aws_iam_policy_document.ecs_service_policy",
            "module.ecs.data.aws_iam_policy_document.ecs_service_role",
            "module.ecs.data.template_file.api_task"
          ]
        }
      ]
    },
    {
      "module": "module.ecs",
      "mode": "managed",
      "type": "aws_appautoscaling_policy",
      "name": "app_up",
      "provider": "provider[\"registry.terraform.io/hashicorp/aws\"]",
      "instances": [
        {
          "schema_version": 0,
          "attributes": {
            "arn": "arn:aws:autoscaling:ap-south-1:443752099948:scalingPolicy:ff480faa-64e9-4ce0-aa35-b29760ced73b:resource/ecs/service/mycluster/mlservice:policyName/-app-scale-up",
            "id": "-app-scale-up",
            "name": "-app-scale-up",
            "policy_type": "StepScaling",
            "resource_id": "service/mycluster/mlservice",
            "scalable_dimension": "ecs:service:DesiredCount",
            "service_namespace": "ecs",
            "step_scaling_policy_configuration": [
              {
                "adjustment_type": "ChangeInCapacity",
                "cooldown": 60,
                "metric_aggregation_type": "Average",
                "min_adjustment_magnitude": 0,
                "step_adjustment": [
                  {
                    "metric_interval_lower_bound": "0",
                    "metric_interval_upper_bound": "",
                    "scaling_adjustment": 1
                  }
                ]
              }
            ],
            "target_tracking_scaling_policy_configuration": []
          },
          "sensitive_attributes": [],
          "private": "bnVsbA==",
          "dependencies": [
            "module.ecs.aws_alb_target_group.api_target_group2",
            "module.ecs.aws_appautoscaling_target.app_scale_target",
            "module.ecs.aws_cloudwatch_log_group.web-app",
            "module.ecs.aws_ecr_repository.web-app",
            "module.ecs.aws_ecs_cluster.cluster",
            "module.ecs.aws_ecs_service.web-api",
            "module.ecs.aws_ecs_task_definition.web-api",
            "module.ecs.aws_iam_role.ecs_execution_role",
            "module.ecs.aws_iam_role.ecs_role",
            "module.ecs.aws_iam_role_policy.ecs_service_role_policy",
            "module.ecs.aws_security_group.elb_sg",
            "module.ecs.data.aws_iam_policy_document.ecs_service_policy",
            "module.ecs.data.aws_iam_policy_document.ecs_service_role",
            "module.ecs.data.template_file.api_task"
          ]
        }
      ]
    },
    {
      "module": "module.ecs",
      "mode": "managed",
      "type": "aws_appautoscaling_target",
      "name": "app_scale_target",
      "provider": "provider[\"registry.terraform.io/hashicorp/aws\"]",
      "instances": [
        {
          "schema_version": 0,
          "attributes": {
            "id": "service/mycluster/mlservice",
            "max_capacity": 4,
            "min_capacity": 2,
            "resource_id": "service/mycluster/mlservice",
            "role_arn": "arn:aws:iam::443752099948:role/aws-service-role/ecs.application-autoscaling.amazonaws.com/AWSServiceRoleForApplicationAutoScaling_ECSService",
            "scalable_dimension": "ecs:service:DesiredCount",
            "service_namespace": "ecs"
          },
          "sensitive_attributes": [],
          "private": "bnVsbA==",
          "dependencies": [
            "module.ecs.aws_alb_target_group.api_target_group2",
            "module.ecs.aws_cloudwatch_log_group.web-app",
            "module.ecs.aws_ecr_repository.web-app",
            "module.ecs.aws_ecs_cluster.cluster",
            "module.ecs.aws_ecs_service.web-api",
            "module.ecs.aws_ecs_task_definition.web-api",
            "module.ecs.aws_iam_role.ecs_execution_role",
            "module.ecs.aws_iam_role.ecs_role",
            "module.ecs.aws_iam_role_policy.ecs_service_role_policy",
            "module.ecs.aws_security_group.elb_sg",
            "module.ecs.data.aws_iam_policy_document.ecs_service_policy",
            "module.ecs.data.aws_iam_policy_document.ecs_service_role",
            "module.ecs.data.template_file.api_task"
          ]
        }
      ]
    },
    {
      "module": "module.ecs",
      "mode": "managed",
      "type": "aws_cloudwatch_log_group",
      "name": "web-app",
      "provider": "provider[\"registry.terraform.io/hashicorp/aws\"]",
      "instances": [
        {
          "schema_version": 0,
          "attributes": {
            "arn": "arn:aws:logs:ap-south-1:443752099948:log-group:-logs",
            "id": "-logs",
            "kms_key_id": "",
            "name": "-logs",
            "name_prefix": null,
            "retention_in_days": 0,
            "tags": {
              "Application": ""
            },
            "tags_all": {
              "Application": ""
            }
          },
          "sensitive_attributes": [],
          "private": "bnVsbA=="
        }
      ]
    },
    {
      "module": "module.ecs",
      "mode": "managed",
      "type": "aws_cloudwatch_metric_alarm",
      "name": "cpu_utilization_high",
      "provider": "provider[\"registry.terraform.io/hashicorp/aws\"]",
      "instances": [
        {
          "schema_version": 1,
          "attributes": {
            "actions_enabled": true,
            "alarm_actions": [
              "arn:aws:autoscaling:ap-south-1:443752099948:scalingPolicy:ff480faa-64e9-4ce0-aa35-b29760ced73b:resource/ecs/service/mycluster/mlservice:policyName/-app-scale-up"
            ],
            "alarm_description": "",
            "alarm_name": "-CPU-Utilization-High",
            "arn": "arn:aws:cloudwatch:ap-south-1:443752099948:alarm:-CPU-Utilization-High",
            "comparison_operator": "GreaterThanOrEqualToThreshold",
            "datapoints_to_alarm": 0,
            "dimensions": {
              "ClusterName": "mycluster",
              "ServiceName": "mlservice"
            },
            "evaluate_low_sample_count_percentiles": "",
            "evaluation_periods": 1,
            "extended_statistic": "",
            "id": "-CPU-Utilization-High",
            "insufficient_data_actions": null,
            "metric_name": "CPUUtilization",
            "metric_query": [],
            "namespace": "AWS/ECS",
            "ok_actions": null,
            "period": 60,
            "statistic": "Average",
            "tags": null,
            "tags_all": {},
            "threshold": 80,
            "threshold_metric_id": "",
            "treat_missing_data": "missing",
            "unit": ""
          },
          "sensitive_attributes": [],
          "private": "eyJzY2hlbWFfdmVyc2lvbiI6IjEifQ==",
          "dependencies": [
            "module.ecs.aws_alb_target_group.api_target_group2",
            "module.ecs.aws_appautoscaling_policy.app_up",
            "module.ecs.aws_appautoscaling_target.app_scale_target",
            "module.ecs.aws_cloudwatch_log_group.web-app",
            "module.ecs.aws_ecr_repository.web-app",
            "module.ecs.aws_ecs_cluster.cluster",
            "module.ecs.aws_ecs_service.web-api",
            "module.ecs.aws_ecs_task_definition.web-api",
            "module.ecs.aws_iam_role.ecs_execution_role",
            "module.ecs.aws_iam_role.ecs_role",
            "module.ecs.aws_iam_role_policy.ecs_service_role_policy",
            "module.ecs.aws_security_group.elb_sg",
            "module.ecs.data.aws_iam_policy_document.ecs_service_policy",
            "module.ecs.data.aws_iam_policy_document.ecs_service_role",
            "module.ecs.data.template_file.api_task"
          ]
        }
      ]
    },
    {
      "module": "module.ecs",
      "mode": "managed",
      "type": "aws_cloudwatch_metric_alarm",
      "name": "cpu_utilization_low",
      "provider": "provider[\"registry.terraform.io/hashicorp/aws\"]",
      "instances": [
        {
          "schema_version": 1,
          "attributes": {
            "actions_enabled": true,
            "alarm_actions": [
              "arn:aws:autoscaling:ap-south-1:443752099948:scalingPolicy:ff480faa-64e9-4ce0-aa35-b29760ced73b:resource/ecs/service/mycluster/mlservice:policyName/-scale-down"
            ],
            "alarm_description": "",
            "alarm_name": "-CPU-Utilization-Low",
            "arn": "arn:aws:cloudwatch:ap-south-1:443752099948:alarm:-CPU-Utilization-Low",
            "comparison_operator": "LessThanThreshold",
            "datapoints_to_alarm": 0,
            "dimensions": {
              "ClusterName": "mycluster",
              "ServiceName": "mlservice"
            },
            "evaluate_low_sample_count_percentiles": "",
            "evaluation_periods": 1,
            "extended_statistic": "",
            "id": "-CPU-Utilization-Low",
            "insufficient_data_actions": null,
            "metric_name": "CPUUtilization",
            "metric_query": [],
            "namespace": "AWS/ECS",
            "ok_actions": null,
            "period": 60,
            "statistic": "Average",
            "tags": null,
            "tags_all": {},
            "threshold": 30,
            "threshold_metric_id": "",
            "treat_missing_data": "missing",
            "unit": ""
          },
          "sensitive_attributes": [],
          "private": "eyJzY2hlbWFfdmVyc2lvbiI6IjEifQ==",
          "dependencies": [
            "module.ecs.aws_alb_target_group.api_target_group2",
            "module.ecs.aws_appautoscaling_policy.app_down",
            "module.ecs.aws_appautoscaling_target.app_scale_target",
            "module.ecs.aws_cloudwatch_log_group.web-app",
            "module.ecs.aws_ecr_repository.web-app",
            "module.ecs.aws_ecs_cluster.cluster",
            "module.ecs.aws_ecs_service.web-api",
            "module.ecs.aws_ecs_task_definition.web-api",
            "module.ecs.aws_iam_role.ecs_execution_role",
            "module.ecs.aws_iam_role.ecs_role",
            "module.ecs.aws_iam_role_policy.ecs_service_role_policy",
            "module.ecs.aws_security_group.elb_sg",
            "module.ecs.data.aws_iam_policy_document.ecs_service_policy",
            "module.ecs.data.aws_iam_policy_document.ecs_service_role",
            "module.ecs.data.template_file.api_task"
          ]
        }
      ]
    },
    {
      "module": "module.ecs",
      "mode": "managed",
      "type": "aws_ecr_repository",
      "name": "web-app",
      "provider": "provider[\"registry.terraform.io/hashicorp/aws\"]",
      "instances": [
        {
          "schema_version": 0,
          "attributes": {
            "arn": "arn:aws:ecr:ap-south-1:443752099948:repository/mldep-a",
            "encryption_configuration": [
              {
                "encryption_type": "AES256",
                "kms_key": ""
              }
            ],
            "id": "mldep-a",
            "image_scanning_configuration": [
              {
                "scan_on_push": false
              }
            ],
            "image_tag_mutability": "MUTABLE",
            "name": "mldep-a",
            "registry_id": "443752099948",
            "repository_url": "443752099948.dkr.ecr.ap-south-1.amazonaws.com/mldep-a",
            "tags": null,
            "tags_all": {},
            "timeouts": null
          },
          "sensitive_attributes": [],
          "private": "eyJlMmJmYjczMC1lY2FhLTExZTYtOGY4OC0zNDM2M2JjN2M0YzAiOnsiZGVsZXRlIjoxMjAwMDAwMDAwMDAwfX0="
        }
      ]
    },
    {
      "module": "module.ecs",
      "mode": "managed",
      "type": "aws_ecs_cluster",
      "name": "cluster",
      "provider": "provider[\"registry.terraform.io/hashicorp/aws\"]",
      "instances": [
        {
          "schema_version": 0,
          "attributes": {
            "arn": "arn:aws:ecs:ap-south-1:443752099948:cluster/mycluster",
            "capacity_providers": null,
            "configuration": [],
            "default_capacity_provider_strategy": [],
            "id": "arn:aws:ecs:ap-south-1:443752099948:cluster/mycluster",
            "name": "mycluster",
            "setting": [
              {
                "name": "containerInsights",
                "value": "disabled"
              }
            ],
            "tags": null,
            "tags_all": {}
          },
          "sensitive_attributes": [],
          "private": "bnVsbA=="
        }
      ]
    },
    {
      "module": "module.ecs",
      "mode": "managed",
      "type": "aws_ecs_service",
      "name": "web-api",
      "provider": "provider[\"registry.terraform.io/hashicorp/aws\"]",
      "instances": [
        {
          "schema_version": 0,
          "attributes": {
            "capacity_provider_strategy": [],
            "cluster": "arn:aws:ecs:ap-south-1:443752099948:cluster/mycluster",
            "deployment_circuit_breaker": [
              {
                "enable": false,
                "rollback": false
              }
            ],
            "deployment_controller": [
              {
                "type": "ECS"
              }
            ],
            "deployment_maximum_percent": 200,
            "deployment_minimum_healthy_percent": 100,
            "desired_count": 2,
            "enable_ecs_managed_tags": false,
            "enable_execute_command": false,
            "force_new_deployment": null,
            "health_check_grace_period_seconds": 0,
            "iam_role": "aws-service-role",
            "id": "arn:aws:ecs:ap-south-1:443752099948:service/mycluster/mlservice",
            "launch_type": "FARGATE",
            "load_balancer": [
              {
                "container_name": "container",
                "container_port": 5000,
                "elb_name": "",
                "target_group_arn": "arn:aws:elasticloadbalancing:ap-south-1:443752099948:targetgroup/tf-example-lb-tg-1/036737a3f6183624"
              }
            ],
            "name": "mlservice",
            "network_configuration": [
              {
                "assign_public_ip": true,
                "security_groups": [
                  "sg-0e85a179f46f37339"
                ],
                "subnets": [
                  "subnet-24341a68",
                  "subnet-52cabb29",
                  "subnet-e83fc683"
                ]
              }
            ],
            "ordered_placement_strategy": [],
            "placement_constraints": [],
            "platform_version": "LATEST",
            "propagate_tags": "NONE",
            "scheduling_strategy": "REPLICA",
            "service_registries": [],
            "tags": null,
            "tags_all": {},
            "task_definition": "arn:aws:ecs:ap-south-1:443752099948:task-definition/api:21",
            "timeouts": null,
            "wait_for_steady_state": false
          },
          "sensitive_attributes": [],
          "private": "eyJlMmJmYjczMC1lY2FhLTExZTYtOGY4OC0zNDM2M2JjN2M0YzAiOnsiZGVsZXRlIjoxMjAwMDAwMDAwMDAwfX0=",
          "dependencies": [
            "module.ecs.aws_alb_target_group.api_target_group2",
            "module.ecs.aws_cloudwatch_log_group.web-app",
            "module.ecs.aws_ecr_repository.web-app",
            "module.ecs.aws_ecs_cluster.cluster",
            "module.ecs.aws_ecs_task_definition.web-api",
            "module.ecs.aws_iam_role.ecs_execution_role",
            "module.ecs.aws_iam_role.ecs_role",
            "module.ecs.aws_iam_role_policy.ecs_service_role_policy",
            "module.ecs.aws_security_group.elb_sg",
            "module.ecs.data.aws_iam_policy_document.ecs_service_policy",
            "module.ecs.data.aws_iam_policy_document.ecs_service_role",
            "module.ecs.data.template_file.api_task"
          ]
        }
      ]
    },
    {
      "module": "module.ecs",
      "mode": "managed",
      "type": "aws_ecs_task_definition",
      "name": "web-api",
      "provider": "provider[\"registry.terraform.io/hashicorp/aws\"]",
      "instances": [
        {
          "schema_version": 1,
          "attributes": {
            "arn": "arn:aws:ecs:ap-south-1:443752099948:task-definition/api:21",
            "container_definitions": "[{\"cpu\":256,\"environment\":[{\"name\":\"KEY\",\"value\":\"value\"}],\"essential\":true,\"image\":\"443752099948.dkr.ecr.ap-south-1.amazonaws.com/mldep-a\",\"logConfiguration\":{\"logDriver\":\"awslogs\",\"options\":{\"awslogs-group\":\"-logs\",\"awslogs-region\":\"ap-south-1\",\"awslogs-stream-prefix\":\"container\"}},\"memory\":512,\"mountPoints\":[],\"name\":\"container\",\"portMappings\":[{\"containerPort\":5000,\"hostPort\":5000,\"protocol\":\"tcp\"}],\"volumesFrom\":[]}]",
            "cpu": "256",
            "ephemeral_storage": [],
            "execution_role_arn": "arn:aws:iam::443752099948:role/-ecs_task_role",
            "family": "api",
            "id": "api",
            "inference_accelerator": [],
            "ipc_mode": "",
            "memory": "512",
            "network_mode": "awsvpc",
            "pid_mode": "",
            "placement_constraints": [],
            "proxy_configuration": [],
            "requires_compatibilities": [
              "FARGATE"
            ],
            "revision": 21,
            "tags": null,
            "tags_all": {},
            "task_role_arn": "arn:aws:iam::443752099948:role/-ecs_task_role",
            "volume": []
          },
          "sensitive_attributes": [],
          "private": "eyJzY2hlbWFfdmVyc2lvbiI6IjEifQ==",
          "dependencies": [
            "module.ecs.aws_cloudwatch_log_group.web-app",
            "module.ecs.aws_ecr_repository.web-app",
            "module.ecs.aws_iam_role.ecs_execution_role",
            "module.ecs.data.template_file.api_task"
          ]
        }
      ]
    },
    {
      "module": "module.ecs",
      "mode": "managed",
      "type": "aws_iam_role",
      "name": "ecs_execution_role",
      "provider": "provider[\"registry.terraform.io/hashicorp/aws\"]",
      "instances": [
        {
          "schema_version": 0,
          "attributes": {
            "arn": "arn:aws:iam::443752099948:role/-ecs_task_role",
            "assume_role_policy": "{\"Version\":\"2012-10-17\",\"Statement\":[{\"Sid\":\"\",\"Effect\":\"Allow\",\"Principal\":{\"Service\":\"ecs-tasks.amazonaws.com\"},\"Action\":\"sts:AssumeRole\"}]}",
            "create_date": "2021-11-25T12:45:59Z",
            "description": "",
            "force_detach_policies": false,
            "id": "-ecs_task_role",
            "inline_policy": [
              {
                "name": "",
                "policy": ""
              }
            ],
            "managed_policy_arns": [],
            "max_session_duration": 3600,
            "name": "-ecs_task_role",
            "name_prefix": "",
            "path": "/",
            "permissions_boundary": null,
            "tags": null,
            "tags_all": {},
            "unique_id": "AROAWOUNPWBWAZRANV3WE"
          },
          "sensitive_attributes": [],
          "private": "bnVsbA=="
        }
      ]
    },
    {
      "module": "module.ecs",
      "mode": "managed",
      "type": "aws_iam_role",
      "name": "ecs_role",
      "provider": "provider[\"registry.terraform.io/hashicorp/aws\"]",
      "instances": [
        {
          "schema_version": 0,
          "attributes": {
            "arn": "arn:aws:iam::443752099948:role/-ecs_role",
            "assume_role_policy": "{\"Version\":\"2012-10-17\",\"Statement\":[{\"Sid\":\"\",\"Effect\":\"Allow\",\"Principal\":{\"Service\":\"ecs.amazonaws.com\"},\"Action\":\"sts:AssumeRole\"}]}",
            "create_date": "2021-11-25T12:45:59Z",
            "description": "",
            "force_detach_policies": false,
            "id": "-ecs_role",
            "inline_policy": [
              {
                "name": "",
                "policy": ""
              }
            ],
            "managed_policy_arns": [],
            "max_session_duration": 3600,
            "name": "-ecs_role",
            "name_prefix": "",
            "path": "/",
            "permissions_boundary": null,
            "tags": null,
            "tags_all": {},
            "unique_id": "AROAWOUNPWBWOC5MORB5B"
          },
          "sensitive_attributes": [],
          "private": "bnVsbA==",
          "dependencies": [
            "module.ecs.data.aws_iam_policy_document.ecs_service_role"
          ]
        }
      ]
    },
    {
      "module": "module.ecs",
      "mode": "managed",
      "type": "aws_iam_role_policy",
      "name": "ecs_execution_role_policy",
      "provider": "provider[\"registry.terraform.io/hashicorp/aws\"]",
      "instances": [
        {
          "schema_version": 0,
          "attributes": {
            "id": "-ecs_task_role:_role_policy",
            "name": "_role_policy",
            "name_prefix": null,
            "policy": "{\n    \"Version\": \"2012-10-17\",\n    \"Statement\": [\n      {\n        \"Effect\": \"Allow\",\n        \"Action\": [\n          \"ecr:GetAuthorizationToken\",\n          \"ecr:BatchCheckLayerAvailability\",\n          \"ecr:GetDownloadUrlForLayer\",\n          \"ecr:BatchGetImage\",\n          \"logs:CreateLogStream\",\n          \"logs:PutLogEvents\"\n        ],\n        \"Resource\": \"*\"\n      }\n    ]\n  }",
            "role": "-ecs_task_role"
          },
          "sensitive_attributes": [],
          "private": "bnVsbA==",
          "dependencies": [
            "module.ecs.aws_iam_role.ecs_execution_role"
          ]
        }
      ]
    },
    {
      "module": "module.ecs",
      "mode": "managed",
      "type": "aws_iam_role_policy",
      "name": "ecs_service_role_policy",
      "provider": "provider[\"registry.terraform.io/hashicorp/aws\"]",
      "instances": [
        {
          "schema_version": 0,
          "attributes": {
            "id": "-ecs_role:_role_policy",
            "name": "_role_policy",
            "name_prefix": null,
            "policy": "{\n  \"Version\": \"2012-10-17\",\n  \"Statement\": [\n    {\n      \"Sid\": \"\",\n      \"Effect\": \"Allow\",\n      \"Action\": [\n        \"elasticloadbalancing:RegisterInstancesWithLoadBalancer\",\n        \"elasticloadbalancing:Describe*\",\n        \"elasticloadbalancing:DeregisterInstancesFromLoadBalancer\",\n        \"ec2:Describe*\",\n        \"ec2:AuthorizeSecurityGroupIngress\"\n      ],\n      \"Resource\": \"*\"\n    }\n  ]\n}",
            "role": "-ecs_role"
          },
          "sensitive_attributes": [],
          "private": "bnVsbA==",
          "dependencies": [
            "module.ecs.aws_iam_role.ecs_role",
            "module.ecs.data.aws_iam_policy_document.ecs_service_policy",
            "module.ecs.data.aws_iam_policy_document.ecs_service_role"
          ]
        }
      ]
    },
    {
      "module": "module.ecs",
      "mode": "managed",
      "type": "aws_lb_listener",
      "name": "front_end",
      "provider": "provider[\"registry.terraform.io/hashicorp/aws\"]",
      "instances": [
        {
          "schema_version": 0,
          "attributes": {
            "alpn_policy": null,
            "arn": "arn:aws:elasticloadbalancing:ap-south-1:443752099948:listener/app/elb/fe0edf4f3303ada9/881ff83169491806",
            "certificate_arn": null,
            "default_action": [
              {
                "authenticate_cognito": [],
                "authenticate_oidc": [],
                "fixed_response": [],
                "forward": [],
                "order": 1,
                "redirect": [],
                "target_group_arn": "arn:aws:elasticloadbalancing:ap-south-1:443752099948:targetgroup/tf-example-lb-tg-1/036737a3f6183624",
                "type": "forward"
              }
            ],
            "id": "arn:aws:elasticloadbalancing:ap-south-1:443752099948:listener/app/elb/fe0edf4f3303ada9/881ff83169491806",
            "load_balancer_arn": "arn:aws:elasticloadbalancing:ap-south-1:443752099948:loadbalancer/app/elb/fe0edf4f3303ada9",
            "port": 80,
            "protocol": "HTTP",
            "ssl_policy": "",
            "tags": null,
            "tags_all": {},
            "timeouts": null
          },
          "sensitive_attributes": [],
          "private": "eyJlMmJmYjczMC1lY2FhLTExZTYtOGY4OC0zNDM2M2JjN2M0YzAiOnsicmVhZCI6NjAwMDAwMDAwMDAwfX0=",
          "dependencies": [
            "module.ecs.aws_alb.app_alb",
            "module.ecs.aws_alb_target_group.api_target_group2",
            "module.ecs.aws_security_group.elb_sg"
          ]
        }
      ]
    },
    {
      "module": "module.ecs",
      "mode": "managed",
      "type": "aws_lb_listener",
      "name": "front_end_1",
      "provider": "provider[\"registry.terraform.io/hashicorp/aws\"]",
      "instances": [
        {
          "schema_version": 0,
          "attributes": {
            "alpn_policy": null,
            "arn": "arn:aws:elasticloadbalancing:ap-south-1:443752099948:listener/app/elb/fe0edf4f3303ada9/358c5b1f75a890a0",
            "certificate_arn": null,
            "default_action": [
              {
                "authenticate_cognito": [],
                "authenticate_oidc": [],
                "fixed_response": [],
                "forward": [],
                "order": 1,
                "redirect": [],
                "target_group_arn": "arn:aws:elasticloadbalancing:ap-south-1:443752099948:targetgroup/tf-example-lb-tg-1/036737a3f6183624",
                "type": "forward"
              }
            ],
            "id": "arn:aws:elasticloadbalancing:ap-south-1:443752099948:listener/app/elb/fe0edf4f3303ada9/358c5b1f75a890a0",
            "load_balancer_arn": "arn:aws:elasticloadbalancing:ap-south-1:443752099948:loadbalancer/app/elb/fe0edf4f3303ada9",
            "port": 5000,
            "protocol": "HTTP",
            "ssl_policy": "",
            "tags": null,
            "tags_all": {},
            "timeouts": null
          },
          "sensitive_attributes": [],
          "private": "eyJlMmJmYjczMC1lY2FhLTExZTYtOGY4OC0zNDM2M2JjN2M0YzAiOnsicmVhZCI6NjAwMDAwMDAwMDAwfX0=",
          "dependencies": [
            "module.ecs.aws_alb.app_alb",
            "module.ecs.aws_alb_target_group.api_target_group2",
            "module.ecs.aws_security_group.elb_sg"
          ]
        }
      ]
    },
    {
      "module": "module.ecs",
      "mode": "managed",
      "type": "aws_security_group",
      "name": "elb_sg",
      "provider": "provider[\"registry.terraform.io/hashicorp/aws\"]",
      "instances": [
        {
          "schema_version": 1,
          "attributes": {
            "arn": "arn:aws:ec2:ap-south-1:443752099948:security-group/sg-0e85a179f46f37339",
            "description": "Allow SSH inbound traffic",
            "egress": [
              {
                "cidr_blocks": [
                  "0.0.0.0/0"
                ],
                "description": "",
                "from_port": 0,
                "ipv6_cidr_blocks": [],
                "prefix_list_ids": [],
                "protocol": "-1",
                "security_groups": [],
                "self": false,
                "to_port": 0
              }
            ],
            "id": "sg-0e85a179f46f37339",
            "ingress": [
              {
                "cidr_blocks": [
                  "0.0.0.0/0"
                ],
                "description": "",
                "from_port": 22,
                "ipv6_cidr_blocks": [],
                "prefix_list_ids": [],
                "protocol": "tcp",
                "security_groups": [],
                "self": false,
                "to_port": 22
              },
              {
                "cidr_blocks": [
                  "0.0.0.0/0"
                ],
                "description": "",
                "from_port": 5000,
                "ipv6_cidr_blocks": [],
                "prefix_list_ids": [],
                "protocol": "tcp",
                "security_groups": [],
                "self": false,
                "to_port": 5000
              },
              {
                "cidr_blocks": [
                  "0.0.0.0/0"
                ],
                "description": "",
                "from_port": 80,
                "ipv6_cidr_blocks": [],
                "prefix_list_ids": [],
                "protocol": "tcp",
                "security_groups": [],
                "self": false,
                "to_port": 80
              }
            ],
            "name": "allow_SSH",
            "name_prefix": "",
            "owner_id": "443752099948",
            "revoke_rules_on_delete": false,
            "tags": null,
            "tags_all": {},
            "timeouts": null,
            "vpc_id": "vpc-9d5888f6"
          },
          "sensitive_attributes": [],
          "private": "eyJlMmJmYjczMC1lY2FhLTExZTYtOGY4OC0zNDM2M2JjN2M0YzAiOnsiY3JlYXRlIjo2MDAwMDAwMDAwMDAsImRlbGV0ZSI6OTAwMDAwMDAwMDAwfSwic2NoZW1hX3ZlcnNpb24iOiIxIn0="
        }
      ]
    },
    {
      "module": "module.pipeline",
      "mode": "data",
      "type": "template_file",
      "name": "buildspec",
      "provider": "provider[\"registry.terraform.io/hashicorp/template\"]",
      "instances": [
        {
          "schema_version": 0,
          "attributes": {
            "filename": null,
            "id": "47384f6d84aa0f7cd482ae59f1feee06abf186631738e779f6a5f8ed5129c9f4",
            "rendered": "version: 0.2\n\nphases:\n  pre_build:\n    commands:\n      - echo Logging in to Amazon ECR...\n      - aws --version\n      - $(aws ecr get-login --region ap-south-1 --no-include-email)\n      - IMAGE_NAME=\"mldep-a\"\n      - REPOSITORY_URI=443752099948.dkr.ecr.ap-south-1.amazonaws.com/mldep-a\n      - IMAGE_TAG=$(echo $CODEBUILD_RESOLVED_SOURCE_VERSION | cut -c 1-7)\n  build:\n    commands:\n      - echo Build started on `date`\n      - echo Building the Docker image...\n      - docker build -t $REPOSITORY_URI:latest .  \n      - docker tag $REPOSITORY_URI:latest $REPOSITORY_URI:$IMAGE_TAG\n  post_build:\n    commands:\n      - echo Build completed on `date`\n      - echo Pushing the Docker images...\n      - docker push $REPOSITORY_URI:latest\n      - docker push $REPOSITORY_URI:$IMAGE_TAG\n      - echo Writing image definitions file...\n      - printf '[{\"name\":\"container\",\"imageUri\":\"%s\"}]' $REPOSITORY_URI:$IMAGE_TAG \u003e imagedefinitions.json\nartifacts:\n  files:\n    - imagedefinitions.json\n  discard-paths: yes",
            "template": "version: 0.2\n\nphases:\n  pre_build:\n    commands:\n      - echo Logging in to Amazon ECR...\n      - aws --version\n      - $(aws ecr get-login --region ${region} --no-include-email)\n      - IMAGE_NAME=\"mldep-a\"\n      - REPOSITORY_URI=${repository_url}\n      - IMAGE_TAG=$(echo $CODEBUILD_RESOLVED_SOURCE_VERSION | cut -c 1-7)\n  build:\n    commands:\n      - echo Build started on `date`\n      - echo Building the Docker image...\n      - docker build -t $REPOSITORY_URI:latest . ${build_options}\n      - docker tag $REPOSITORY_URI:latest $REPOSITORY_URI:$IMAGE_TAG\n  post_build:\n    commands:\n      - echo Build completed on `date`\n      - echo Pushing the Docker images...\n      - docker push $REPOSITORY_URI:latest\n      - docker push $REPOSITORY_URI:$IMAGE_TAG\n      - echo Writing image definitions file...\n      - printf '[{\"name\":\"${container_name}\",\"imageUri\":\"%s\"}]' $REPOSITORY_URI:$IMAGE_TAG \u003e imagedefinitions.json\nartifacts:\n  files:\n    - imagedefinitions.json\n  discard-paths: yes",
            "vars": {
              "build_options": " ",
              "cluster_name": "",
              "container_name": "container",
              "region": "ap-south-1",
              "repository_url": "443752099948.dkr.ecr.ap-south-1.amazonaws.com/mldep-a",
              "security_group_ids": "subnet-24341a68,subnet-52cabb29,subnet-e83fc683"
            }
          },
          "sensitive_attributes": []
        }
      ]
    },
    {
      "module": "module.pipeline",
      "mode": "data",
      "type": "template_file",
      "name": "codebuild_policy",
      "provider": "provider[\"registry.terraform.io/hashicorp/template\"]",
      "instances": [
        {
          "schema_version": 0,
          "attributes": {
            "filename": null,
            "id": "0e5323e2830eb4b75e902443540209932756270cce3363a4eb4afa6f870de745",
            "rendered": "{\n    \"Version\": \"2012-10-17\",\n    \"Statement\": [\n      {\n        \"Effect\": \"Allow\",\n        \"Resource\": [\n          \"*\"\n        ],\n        \"Action\": [\n          \"logs:CreateLogGroup\",\n          \"logs:CreateLogStream\",\n          \"logs:PutLogEvents\",\n          \"ecr:GetAuthorizationToken\",\n          \"ecr:InitiateLayerUpload\",\n          \"ecr:UploadLayerPart\",\n          \"ecr:CompleteLayerUpload\",\n          \"ecr:BatchCheckLayerAvailability\",\n          \"ecr:PutImage\",\n          \"ecs:RunTask\",\n          \"iam:PassRole\"\n        ]\n      },\n      {\n        \"Effect\":\"Allow\",\n        \"Action\": [\n          \"s3:GetObject\",\n          \"s3:GetObjectVersion\",\n          \"s3:GetBucketVersioning\",\n          \"s3:List*\",\n          \"s3:PutObject\"\n        ],\n        \"Resource\": [\n          \"arn:aws:s3:::mlbucketshivani123\",\n          \"arn:aws:s3:::mlbucketshivani123/*\"\n        ]\n      }\n    ]\n  }",
            "template": "{\n    \"Version\": \"2012-10-17\",\n    \"Statement\": [\n      {\n        \"Effect\": \"Allow\",\n        \"Resource\": [\n          \"*\"\n        ],\n        \"Action\": [\n          \"logs:CreateLogGroup\",\n          \"logs:CreateLogStream\",\n          \"logs:PutLogEvents\",\n          \"ecr:GetAuthorizationToken\",\n          \"ecr:InitiateLayerUpload\",\n          \"ecr:UploadLayerPart\",\n          \"ecr:CompleteLayerUpload\",\n          \"ecr:BatchCheckLayerAvailability\",\n          \"ecr:PutImage\",\n          \"ecs:RunTask\",\n          \"iam:PassRole\"\n        ]\n      },\n      {\n        \"Effect\":\"Allow\",\n        \"Action\": [\n          \"s3:GetObject\",\n          \"s3:GetObjectVersion\",\n          \"s3:GetBucketVersioning\",\n          \"s3:List*\",\n          \"s3:PutObject\"\n        ],\n        \"Resource\": [\n          \"${aws_s3_bucket_arn}\",\n          \"${aws_s3_bucket_arn}/*\"\n        ]\n      }\n    ]\n  }",
            "vars": {
              "aws_s3_bucket_arn": "arn:aws:s3:::mlbucketshivani123"
            }
          },
          "sensitive_attributes": []
        }
      ]
    },
    {
      "module": "module.pipeline",
      "mode": "data",
      "type": "template_file",
      "name": "codepipeline_policy",
      "provider": "provider[\"registry.terraform.io/hashicorp/template\"]",
      "instances": [
        {
          "schema_version": 0,
          "attributes": {
            "filename": null,
            "id": "c007f6cced6143d61635900cce5b6ca09dd05050229c9f9954294d56403d995f",
            "rendered": "{\n    \"Version\": \"2012-10-17\",\n    \"Statement\": [\n      {\n        \"Effect\":\"Allow\",\n        \"Action\": [\n          \"s3:GetObject\",\n          \"s3:GetObjectVersion\",\n          \"s3:GetBucketVersioning\",\n          \"s3:List*\",\n          \"s3:PutObject\"\n        ],\n        \"Resource\": [\n          \"arn:aws:s3:::mlbucketshivani123\",\n          \"arn:aws:s3:::mlbucketshivani123/*\"\n        ]\n      },\n      {\n        \"Effect\": \"Allow\",\n        \"Action\": [\n          \"codebuild:BatchGetBuilds\",\n          \"codebuild:StartBuild\"\n        ],\n        \"Resource\": \"*\"\n      },\n      {\n        \"Action\": [\n          \"ecs:*\",\n          \"events:DescribeRule\",\n          \"events:DeleteRule\",\n          \"events:ListRuleNamesByTarget\",\n          \"events:ListTargetsByRule\",\n          \"events:PutRule\",\n          \"events:PutTargets\",\n          \"events:RemoveTargets\",\n          \"iam:ListAttachedRolePolicies\",\n          \"iam:ListInstanceProfiles\",\n          \"iam:ListRoles\",\n          \"logs:CreateLogGroup\",\n          \"logs:DescribeLogGroups\",\n          \"logs:FilterLogEvents\"\n        ],\n        \"Resource\": \"*\",\n        \"Effect\": \"Allow\"\n      },\n      {\n        \"Action\": \"iam:PassRole\",\n        \"Effect\": \"Allow\",\n        \"Resource\": [\n          \"*\"\n        ],\n        \"Condition\": {\n          \"StringLike\": {\n            \"iam:PassedToService\": \"ecs-tasks.amazonaws.com\"\n          }\n        }\n      },\n      {\n        \"Action\": \"iam:PassRole\",\n        \"Effect\": \"Allow\",\n        \"Resource\": [\n          \"arn:aws:iam::*:role/ecsInstanceRole*\"\n        ],\n        \"Condition\": {\n          \"StringLike\": {\n            \"iam:PassedToService\": [\n              \"ec2.amazonaws.com\",\n              \"ec2.amazonaws.com.cn\"\n            ]\n          }\n        }\n      },\n      {\n        \"Action\": \"iam:PassRole\",\n        \"Effect\": \"Allow\",\n        \"Resource\": [\n          \"arn:aws:iam::*:role/ecsAutoscaleRole*\"\n        ],\n        \"Condition\": {\n          \"StringLike\": {\n            \"iam:PassedToService\": [\n              \"application-autoscaling.amazonaws.com\",\n              \"application-autoscaling.amazonaws.com.cn\"\n            ]\n          }\n        }\n      },\n      {\n        \"Effect\": \"Allow\",\n        \"Action\": \"iam:CreateServiceLinkedRole\",\n        \"Resource\": \"*\",\n        \"Condition\": {\n          \"StringLike\": {\n            \"iam:AWSServiceName\": [\n              \"ecs.amazonaws.com\",\n              \"spot.amazonaws.com\",\n              \"spotfleet.amazonaws.com\"\n            ]\n          }\n        }\n      }\n    ]\n  }",
            "template": "{\n    \"Version\": \"2012-10-17\",\n    \"Statement\": [\n      {\n        \"Effect\":\"Allow\",\n        \"Action\": [\n          \"s3:GetObject\",\n          \"s3:GetObjectVersion\",\n          \"s3:GetBucketVersioning\",\n          \"s3:List*\",\n          \"s3:PutObject\"\n        ],\n        \"Resource\": [\n          \"${aws_s3_bucket_arn}\",\n          \"${aws_s3_bucket_arn}/*\"\n        ]\n      },\n      {\n        \"Effect\": \"Allow\",\n        \"Action\": [\n          \"codebuild:BatchGetBuilds\",\n          \"codebuild:StartBuild\"\n        ],\n        \"Resource\": \"*\"\n      },\n      {\n        \"Action\": [\n          \"ecs:*\",\n          \"events:DescribeRule\",\n          \"events:DeleteRule\",\n          \"events:ListRuleNamesByTarget\",\n          \"events:ListTargetsByRule\",\n          \"events:PutRule\",\n          \"events:PutTargets\",\n          \"events:RemoveTargets\",\n          \"iam:ListAttachedRolePolicies\",\n          \"iam:ListInstanceProfiles\",\n          \"iam:ListRoles\",\n          \"logs:CreateLogGroup\",\n          \"logs:DescribeLogGroups\",\n          \"logs:FilterLogEvents\"\n        ],\n        \"Resource\": \"*\",\n        \"Effect\": \"Allow\"\n      },\n      {\n        \"Action\": \"iam:PassRole\",\n        \"Effect\": \"Allow\",\n        \"Resource\": [\n          \"*\"\n        ],\n        \"Condition\": {\n          \"StringLike\": {\n            \"iam:PassedToService\": \"ecs-tasks.amazonaws.com\"\n          }\n        }\n      },\n      {\n        \"Action\": \"iam:PassRole\",\n        \"Effect\": \"Allow\",\n        \"Resource\": [\n          \"arn:aws:iam::*:role/ecsInstanceRole*\"\n        ],\n        \"Condition\": {\n          \"StringLike\": {\n            \"iam:PassedToService\": [\n              \"ec2.amazonaws.com\",\n              \"ec2.amazonaws.com.cn\"\n            ]\n          }\n        }\n      },\n      {\n        \"Action\": \"iam:PassRole\",\n        \"Effect\": \"Allow\",\n        \"Resource\": [\n          \"arn:aws:iam::*:role/ecsAutoscaleRole*\"\n        ],\n        \"Condition\": {\n          \"StringLike\": {\n            \"iam:PassedToService\": [\n              \"application-autoscaling.amazonaws.com\",\n              \"application-autoscaling.amazonaws.com.cn\"\n            ]\n          }\n        }\n      },\n      {\n        \"Effect\": \"Allow\",\n        \"Action\": \"iam:CreateServiceLinkedRole\",\n        \"Resource\": \"*\",\n        \"Condition\": {\n          \"StringLike\": {\n            \"iam:AWSServiceName\": [\n              \"ecs.amazonaws.com\",\n              \"spot.amazonaws.com\",\n              \"spotfleet.amazonaws.com\"\n            ]\n          }\n        }\n      }\n    ]\n  }",
            "vars": {
              "aws_s3_bucket_arn": "arn:aws:s3:::mlbucketshivani123"
            }
          },
          "sensitive_attributes": []
        }
      ]
    },
    {
      "module": "module.pipeline",
      "mode": "managed",
      "type": "aws_codebuild_project",
      "name": "app_build",
      "provider": "provider[\"registry.terraform.io/hashicorp/aws\"]",
      "instances": [
        {
          "schema_version": 0,
          "attributes": {
            "arn": "arn:aws:codebuild:ap-south-1:443752099948:project/tfcodebuild",
            "artifacts": [
              {
                "artifact_identifier": "",
                "encryption_disabled": false,
                "location": "",
                "name": "tfcodebuild",
                "namespace_type": "",
                "override_artifact_name": false,
                "packaging": "NONE",
                "path": "",
                "type": "CODEPIPELINE"
              }
            ],
            "badge_enabled": false,
            "badge_url": "",
            "build_batch_config": [],
            "build_timeout": 5,
            "cache": [
              {
                "location": "",
                "modes": [],
                "type": "NO_CACHE"
              }
            ],
            "concurrent_build_limit": 0,
            "description": "",
            "encryption_key": "arn:aws:kms:ap-south-1:443752099948:alias/aws/s3",
            "environment": [
              {
                "certificate": "",
                "compute_type": "BUILD_GENERAL1_SMALL",
                "environment_variable": [],
                "image": "aws/codebuild/docker:17.09.0",
                "image_pull_credentials_type": "CODEBUILD",
                "privileged_mode": true,
                "registry_credential": [],
                "type": "LINUX_CONTAINER"
              }
            ],
            "file_system_locations": [],
            "id": "arn:aws:codebuild:ap-south-1:443752099948:project/tfcodebuild",
            "logs_config": [
              {
                "cloudwatch_logs": [
                  {
                    "group_name": "",
                    "status": "ENABLED",
                    "stream_name": ""
                  }
                ],
                "s3_logs": [
                  {
                    "encryption_disabled": false,
                    "location": "",
                    "status": "DISABLED"
                  }
                ]
              }
            ],
            "name": "tfcodebuild",
            "queued_timeout": 480,
            "secondary_artifacts": [],
            "secondary_sources": [],
            "service_role": "arn:aws:iam::443752099948:role/mldep-a-codebuild-role",
            "source": [
              {
                "auth": [],
                "build_status_config": [],
                "buildspec": "version: 0.2\n\nphases:\n  pre_build:\n    commands:\n      - echo Logging in to Amazon ECR...\n      - aws --version\n      - $(aws ecr get-login --region ap-south-1 --no-include-email)\n      - IMAGE_NAME=\"mldep-a\"\n      - REPOSITORY_URI=443752099948.dkr.ecr.ap-south-1.amazonaws.com/mldep-a\n      - IMAGE_TAG=$(echo $CODEBUILD_RESOLVED_SOURCE_VERSION | cut -c 1-7)\n  build:\n    commands:\n      - echo Build started on `date`\n      - echo Building the Docker image...\n      - docker build -t $REPOSITORY_URI:latest .  \n      - docker tag $REPOSITORY_URI:latest $REPOSITORY_URI:$IMAGE_TAG\n  post_build:\n    commands:\n      - echo Build completed on `date`\n      - echo Pushing the Docker images...\n      - docker push $REPOSITORY_URI:latest\n      - docker push $REPOSITORY_URI:$IMAGE_TAG\n      - echo Writing image definitions file...\n      - printf '[{\"name\":\"container\",\"imageUri\":\"%s\"}]' $REPOSITORY_URI:$IMAGE_TAG \u003e imagedefinitions.json\nartifacts:\n  files:\n    - imagedefinitions.json\n  discard-paths: yes",
                "git_clone_depth": 0,
                "git_submodules_config": [],
                "insecure_ssl": false,
                "location": "",
                "report_build_status": false,
                "type": "CODEPIPELINE"
              }
            ],
            "source_version": "",
            "tags": null,
            "tags_all": {},
            "vpc_config": []
          },
          "sensitive_attributes": [],
          "private": "bnVsbA==",
          "dependencies": [
            "module.ecs.aws_ecr_repository.web-app",
            "module.pipeline.aws_iam_role.codebuild_role",
            "module.pipeline.data.template_file.buildspec"
          ]
        }
      ]
    },
    {
      "module": "module.pipeline",
      "mode": "managed",
      "type": "aws_codepipeline",
      "name": "pipeline",
      "provider": "provider[\"registry.terraform.io/hashicorp/aws\"]",
      "instances": [
        {
          "schema_version": 0,
          "attributes": {
            "arn": "arn:aws:codepipeline:ap-south-1:443752099948:pipelineml",
            "artifact_store": [
              {
                "encryption_key": [],
                "location": "mlbucketshivani123",
                "region": "",
                "type": "S3"
              }
            ],
            "id": "pipelineml",
            "name": "pipelineml",
            "role_arn": "arn:aws:iam::443752099948:role/mldep-a-codepipeline-role",
            "stage": [
              {
                "action": [
                  {
                    "category": "Source",
                    "configuration": {
                      "Branch": "main",
                      "OAuthToken": "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",
                      "Owner": "shivani3495",
                      "PollForSourceChanges": "false",
                      "Repo": "mltf"
                    },
                    "input_artifacts": [],
                    "name": "Source",
                    "namespace": "",
                    "output_artifacts": [
                      "SourceArtifact"
                    ],
                    "owner": "ThirdParty",
                    "provider": "GitHub",
                    "region": "",
                    "role_arn": "",
                    "run_order": 1,
                    "version": "1"
                  }
                ],
                "name": "Source"
              },
              {
                "action": [
                  {
                    "category": "Build",
                    "configuration": {
                      "ProjectName": "tfcodebuild"
                    },
                    "input_artifacts": [
                      "SourceArtifact"
                    ],
                    "name": "Build",
                    "namespace": "",
                    "output_artifacts": [
                      "imagedefinitions"
                    ],
                    "owner": "AWS",
                    "provider": "CodeBuild",
                    "region": "",
                    "role_arn": "",
                    "run_order": 1,
                    "version": "1"
                  }
                ],
                "name": "Build"
              },
              {
                "action": [
                  {
                    "category": "Deploy",
                    "configuration": {
                      "ClusterName": "mycluster",
                      "FileName": "imagedefinitions.json",
                      "ServiceName": "mlservice"
                    },
                    "input_artifacts": [
                      "imagedefinitions"
                    ],
                    "name": "Deploy",
                    "namespace": "",
                    "output_artifacts": null,
                    "owner": "AWS",
                    "provider": "ECS",
                    "region": "",
                    "role_arn": "",
                    "run_order": 1,
                    "version": "1"
                  }
                ],
                "name": "Production"
              }
            ],
            "tags": null,
            "tags_all": {}
          },
          "sensitive_attributes": [],
          "private": "bnVsbA==",
          "dependencies": [
            "module.pipeline.aws_iam_role.codepipeline_role",
            "module.pipeline.aws_s3_bucket.source"
          ]
        }
      ]
    },
    {
      "module": "module.pipeline",
      "mode": "managed",
      "type": "aws_iam_role",
      "name": "codebuild_role",
      "provider": "provider[\"registry.terraform.io/hashicorp/aws\"]",
      "instances": [
        {
          "schema_version": 0,
          "attributes": {
            "arn": "arn:aws:iam::443752099948:role/mldep-a-codebuild-role",
            "assume_role_policy": "{\"Version\":\"2012-10-17\",\"Statement\":[{\"Effect\":\"Allow\",\"Principal\":{\"Service\":\"codebuild.amazonaws.com\"},\"Action\":\"sts:AssumeRole\"}]}",
            "create_date": "2021-11-25T12:45:59Z",
            "description": "",
            "force_detach_policies": false,
            "id": "mldep-a-codebuild-role",
            "inline_policy": [
              {
                "name": "",
                "policy": ""
              }
            ],
            "managed_policy_arns": [],
            "max_session_duration": 3600,
            "name": "mldep-a-codebuild-role",
            "name_prefix": "",
            "path": "/",
            "permissions_boundary": null,
            "tags": null,
            "tags_all": {},
            "unique_id": "AROAWOUNPWBWPFWPPTE25"
          },
          "sensitive_attributes": [],
          "private": "bnVsbA=="
        }
      ]
    },
    {
      "module": "module.pipeline",
      "mode": "managed",
      "type": "aws_iam_role",
      "name": "codepipeline_role",
      "provider": "provider[\"registry.terraform.io/hashicorp/aws\"]",
      "instances": [
        {
          "schema_version": 0,
          "attributes": {
            "arn": "arn:aws:iam::443752099948:role/mldep-a-codepipeline-role",
            "assume_role_policy": "{\"Version\":\"2012-10-17\",\"Statement\":[{\"Effect\":\"Allow\",\"Principal\":{\"Service\":\"codepipeline.amazonaws.com\"},\"Action\":\"sts:AssumeRole\"}]}",
            "create_date": "2021-11-25T12:45:59Z",
            "description": "",
            "force_detach_policies": false,
            "id": "mldep-a-codepipeline-role",
            "inline_policy": [
              {
                "name": "",
                "policy": ""
              }
            ],
            "managed_policy_arns": [],
            "max_session_duration": 3600,
            "name": "mldep-a-codepipeline-role",
            "name_prefix": "",
            "path": "/",
            "permissions_boundary": null,
            "tags": null,
            "tags_all": {},
            "unique_id": "AROAWOUNPWBWIIIDBWFXI"
          },
          "sensitive_attributes": [],
          "private": "bnVsbA=="
        }
      ]
    },
    {
      "module": "module.pipeline",
      "mode": "managed",
      "type": "aws_iam_role_policy",
      "name": "codebuild_policy",
      "provider": "provider[\"registry.terraform.io/hashicorp/aws\"]",
      "instances": [
        {
          "schema_version": 0,
          "attributes": {
            "id": "mldep-a-codebuild-role:codebuild-policy",
            "name": "codebuild-policy",
            "name_prefix": null,
            "policy": "{\n    \"Version\": \"2012-10-17\",\n    \"Statement\": [\n      {\n        \"Effect\": \"Allow\",\n        \"Resource\": [\n          \"*\"\n        ],\n        \"Action\": [\n          \"logs:CreateLogGroup\",\n          \"logs:CreateLogStream\",\n          \"logs:PutLogEvents\",\n          \"ecr:GetAuthorizationToken\",\n          \"ecr:InitiateLayerUpload\",\n          \"ecr:UploadLayerPart\",\n          \"ecr:CompleteLayerUpload\",\n          \"ecr:BatchCheckLayerAvailability\",\n          \"ecr:PutImage\",\n          \"ecs:RunTask\",\n          \"iam:PassRole\"\n        ]\n      },\n      {\n        \"Effect\":\"Allow\",\n        \"Action\": [\n          \"s3:GetObject\",\n          \"s3:GetObjectVersion\",\n          \"s3:GetBucketVersioning\",\n          \"s3:List*\",\n          \"s3:PutObject\"\n        ],\n        \"Resource\": [\n          \"arn:aws:s3:::mlbucketshivani123\",\n          \"arn:aws:s3:::mlbucketshivani123/*\"\n        ]\n      }\n    ]\n  }",
            "role": "mldep-a-codebuild-role"
          },
          "sensitive_attributes": [],
          "private": "bnVsbA==",
          "dependencies": [
            "module.pipeline.aws_iam_role.codebuild_role",
            "module.pipeline.aws_s3_bucket.source",
            "module.pipeline.data.template_file.codebuild_policy"
          ]
        }
      ]
    },
    {
      "module": "module.pipeline",
      "mode": "managed",
      "type": "aws_iam_role_policy",
      "name": "codepipeline_policy",
      "provider": "provider[\"registry.terraform.io/hashicorp/aws\"]",
      "instances": [
        {
          "schema_version": 0,
          "attributes": {
            "id": "mldep-a-codepipeline-role:codepipeline_policy",
            "name": "codepipeline_policy",
            "name_prefix": null,
            "policy": "{\n    \"Version\": \"2012-10-17\",\n    \"Statement\": [\n      {\n        \"Effect\":\"Allow\",\n        \"Action\": [\n          \"s3:GetObject\",\n          \"s3:GetObjectVersion\",\n          \"s3:GetBucketVersioning\",\n          \"s3:List*\",\n          \"s3:PutObject\"\n        ],\n        \"Resource\": [\n          \"arn:aws:s3:::mlbucketshivani123\",\n          \"arn:aws:s3:::mlbucketshivani123/*\"\n        ]\n      },\n      {\n        \"Effect\": \"Allow\",\n        \"Action\": [\n          \"codebuild:BatchGetBuilds\",\n          \"codebuild:StartBuild\"\n        ],\n        \"Resource\": \"*\"\n      },\n      {\n        \"Action\": [\n          \"ecs:*\",\n          \"events:DescribeRule\",\n          \"events:DeleteRule\",\n          \"events:ListRuleNamesByTarget\",\n          \"events:ListTargetsByRule\",\n          \"events:PutRule\",\n          \"events:PutTargets\",\n          \"events:RemoveTargets\",\n          \"iam:ListAttachedRolePolicies\",\n          \"iam:ListInstanceProfiles\",\n          \"iam:ListRoles\",\n          \"logs:CreateLogGroup\",\n          \"logs:DescribeLogGroups\",\n          \"logs:FilterLogEvents\"\n        ],\n        \"Resource\": \"*\",\n        \"Effect\": \"Allow\"\n      },\n      {\n        \"Action\": \"iam:PassRole\",\n        \"Effect\": \"Allow\",\n        \"Resource\": [\n          \"*\"\n        ],\n        \"Condition\": {\n          \"StringLike\": {\n            \"iam:PassedToService\": \"ecs-tasks.amazonaws.com\"\n          }\n        }\n      },\n      {\n        \"Action\": \"iam:PassRole\",\n        \"Effect\": \"Allow\",\n        \"Resource\": [\n          \"arn:aws:iam::*:role/ecsInstanceRole*\"\n        ],\n        \"Condition\": {\n          \"StringLike\": {\n            \"iam:PassedToService\": [\n              \"ec2.amazonaws.com\",\n              \"ec2.amazonaws.com.cn\"\n            ]\n          }\n        }\n      },\n      {\n        \"Action\": \"iam:PassRole\",\n        \"Effect\": \"Allow\",\n        \"Resource\": [\n          \"arn:aws:iam::*:role/ecsAutoscaleRole*\"\n        ],\n        \"Condition\": {\n          \"StringLike\": {\n            \"iam:PassedToService\": [\n              \"application-autoscaling.amazonaws.com\",\n              \"application-autoscaling.amazonaws.com.cn\"\n            ]\n          }\n        }\n      },\n      {\n        \"Effect\": \"Allow\",\n        \"Action\": \"iam:CreateServiceLinkedRole\",\n        \"Resource\": \"*\",\n        \"Condition\": {\n          \"StringLike\": {\n            \"iam:AWSServiceName\": [\n              \"ecs.amazonaws.com\",\n              \"spot.amazonaws.com\",\n              \"spotfleet.amazonaws.com\"\n            ]\n          }\n        }\n      }\n    ]\n  }",
            "role": "mldep-a-codepipeline-role"
          },
          "sensitive_attributes": [],
          "private": "bnVsbA==",
          "dependencies": [
            "module.pipeline.aws_iam_role.codepipeline_role",
            "module.pipeline.aws_s3_bucket.source",
            "module.pipeline.data.template_file.codepipeline_policy"
          ]
        }
      ]
    },
    {
      "module": "module.pipeline",
      "mode": "managed",
      "type": "aws_s3_bucket",
      "name": "source",
      "provider": "provider[\"registry.terraform.io/hashicorp/aws\"]",
      "instances": [
        {
          "schema_version": 0,
          "attributes": {
            "acceleration_status": "",
            "acl": "private",
            "arn": "arn:aws:s3:::mlbucketshivani123",
            "bucket": "mlbucketshivani123",
            "bucket_domain_name": "mlbucketshivani123.s3.amazonaws.com",
            "bucket_prefix": null,
            "bucket_regional_domain_name": "mlbucketshivani123.s3.ap-south-1.amazonaws.com",
            "cors_rule": [],
            "force_destroy": true,
            "grant": [],
            "hosted_zone_id": "Z11RGJOFQNVJUP",
            "id": "mlbucketshivani123",
            "lifecycle_rule": [],
            "logging": [],
            "object_lock_configuration": [],
            "policy": null,
            "region": "ap-south-1",
            "replication_configuration": [],
            "request_payer": "BucketOwner",
            "server_side_encryption_configuration": [],
            "tags": null,
            "tags_all": {},
            "versioning": [
              {
                "enabled": false,
                "mfa_delete": false
              }
            ],
            "website": [],
            "website_domain": null,
            "website_endpoint": null
          },
          "sensitive_attributes": [],
          "private": "bnVsbA=="
        }
      ]
    }
  ]
}
